{
  "name": "GreenRo-main",
  "lockfileVersion": 3,
  "requires": true,
  "packages": {
    "": {
      "dependencies": {
        "@lottiefiles/dotlottie-react": "^0.16.0"
      }
    },
    "node_modules/@lottiefiles/dotlottie-react": {
      "version": "0.16.0",
      "resolved": "https://registry.npmjs.org/@lottiefiles/dotlottie-react/-/dotlottie-react-0.16.0.tgz",
      "integrity": "sha512-ejFo/rCJ4FF8ssPduQeym41YFGAZyc7UHXe3TpADwY7eMYyuH6rlW0QWsx6ceEAKJQ49FBa4vm8m7b3mwhgnow==",
      "license": "MIT",
      "dependencies": {
        "@lottiefiles/dotlottie-web": "0.51.0"
      },
      "peerDependencies": {
        "react": "^17 || ^18 || ^19"
      }
    },
    "node_modules/@lottiefiles/dotlottie-web": {
      "version": "0.51.0",
      "resolved": "https://registry.npmjs.org/@lottiefiles/dotlottie-web/-/dotlottie-web-0.51.0.tgz",
      "integrity": "sha512-CzrQk+nOr87jLPTTdFhQDBIDr7D8oH4CDDYym8mATI7IvMbvFMXt3XnJYLXCNOGYR2TlvHkPCpi4kupwqujXWQ==",
      "license": "MIT"
    },
    "node_modules/react": {
      "version": "19.1.1",
      "resolved": "https://registry.npmjs.org/react/-/react-19.1.1.tgz",
      "integrity": "sha512-w8nqGImo45dmMIfljjMwOGtbmC/mk4CMYhWIicdSflH91J9TyCyczcPFXJzrZ/ZXcgGRFeP6BU0BEJTw6tZdfQ==",
      "license": "MIT",
      "peer": true,
      "engines": {
        "node": ">=0.10.0"
      }
    }
  }
}
